
Microsoft Visual Studio Solution File, Format Version 12.00
# Visual Studio Version 17
VisualStudioVersion = 17.0.31903.59
MinimumVisualStudioVersion = 10.0.40219.1
Project("{2150E333-8FDC-42A3-9474-1A3956D46DE8}") = "src", "src", "{72C13B89-7349-4816-BFBD-8753DD2DE863}"
EndProject
Project("{FAE04EC0-301F-11D3-BF4B-00C04F79EFBC}") = "LeichtFrame.Core", "src\LeichtFrame.Core\LeichtFrame.Core.csproj", "{1116D4FB-E6EA-479F-BE0B-671DCCBC3E2A}"
EndProject
Project("{FAE04EC0-301F-11D3-BF4B-00C04F79EFBC}") = "LeichtFrame.IO", "src\LeichtFrame.IO\LeichtFrame.IO.csproj", "{793C3E75-935E-4943-9932-0038F40B6403}"
EndProject
Project("{FAE04EC0-301F-11D3-BF4B-00C04F79EFBC}") = "LeichtFrame.Examples", "src\LeichtFrame.Examples\LeichtFrame.Examples.csproj", "{EA990D67-CE17-43F6-9A60-1B885B613C7A}"
EndProject
Project("{FAE04EC0-301F-11D3-BF4B-00C04F79EFBC}") = "LeichtFrame.Benchmarks", "src\LeichtFrame.Benchmarks\LeichtFrame.Benchmarks.csproj", "{597E3363-190B-4689-A582-CFCA81A78FAF}"
EndProject
Project("{2150E333-8FDC-42A3-9474-1A3956D46DE8}") = "tests", "tests", "{B5129BFB-994E-4A31-AD58-001DAEE8BB61}"
EndProject
Project("{FAE04EC0-301F-11D3-BF4B-00C04F79EFBC}") = "LeichtFrame.Core.Tests", "tests\LeichtFrame.Core.Tests\LeichtFrame.Core.Tests.csproj", "{F1EC1E9D-5647-4C2E-9134-EADE0AF5E683}"
EndProject
Project("{FAE04EC0-301F-11D3-BF4B-00C04F79EFBC}") = "LeichtFrame.IO.Tests", "tests\LeichtFrame.IO.Tests\LeichtFrame.IO.Tests.csproj", "{E8134244-2E7E-4605-A546-15A7BA49DF99}"
EndProject
Project("{2150E333-8FDC-42A3-9474-1A3956D46DE8}") = "tools", "tools", "{DC20B841-ECFA-4735-BD67-F1CBA7BD75F1}"
EndProject
Project("{FAE04EC0-301F-11D3-BF4B-00C04F79EFBC}") = "LeichtFrame.DocGen", "tools\LeichtFrame.DocGen\LeichtFrame.DocGen.csproj", "{9B670716-D8F7-4A84-AD2E-E29EFF4BB82D}"
EndProject
Global
	GlobalSection(SolutionConfigurationPlatforms) = preSolution
		Debug|Any CPU = Debug|Any CPU
		Release|Any CPU = Release|Any CPU
	EndGlobalSection
	GlobalSection(SolutionProperties) = preSolution
		HideSolutionNode = FALSE
	EndGlobalSection
	GlobalSection(ProjectConfigurationPlatforms) = postSolution
		{1116D4FB-E6EA-479F-BE0B-671DCCBC3E2A}.Debug|Any CPU.ActiveCfg = Debug|Any CPU
		{1116D4FB-E6EA-479F-BE0B-671DCCBC3E2A}.Debug|Any CPU.Build.0 = Debug|Any CPU
		{1116D4FB-E6EA-479F-BE0B-671DCCBC3E2A}.Release|Any CPU.ActiveCfg = Release|Any CPU
		{1116D4FB-E6EA-479F-BE0B-671DCCBC3E2A}.Release|Any CPU.Build.0 = Release|Any CPU
		{793C3E75-935E-4943-9932-0038F40B6403}.Debug|Any CPU.ActiveCfg = Debug|Any CPU
		{793C3E75-935E-4943-9932-0038F40B6403}.Debug|Any CPU.Build.0 = Debug|Any CPU
		{793C3E75-935E-4943-9932-0038F40B6403}.Release|Any CPU.ActiveCfg = Release|Any CPU
		{793C3E75-935E-4943-9932-0038F40B6403}.Release|Any CPU.Build.0 = Release|Any CPU
		{EA990D67-CE17-43F6-9A60-1B885B613C7A}.Debug|Any CPU.ActiveCfg = Debug|Any CPU
		{EA990D67-CE17-43F6-9A60-1B885B613C7A}.Debug|Any CPU.Build.0 = Debug|Any CPU
		{EA990D67-CE17-43F6-9A60-1B885B613C7A}.Release|Any CPU.ActiveCfg = Release|Any CPU
		{EA990D67-CE17-43F6-9A60-1B885B613C7A}.Release|Any CPU.Build.0 = Release|Any CPU
		{597E3363-190B-4689-A582-CFCA81A78FAF}.Debug|Any CPU.ActiveCfg = Debug|Any CPU
		{597E3363-190B-4689-A582-CFCA81A78FAF}.Debug|Any CPU.Build.0 = Debug|Any CPU
		{597E3363-190B-4689-A582-CFCA81A78FAF}.Release|Any CPU.ActiveCfg = Release|Any CPU
		{597E3363-190B-4689-A582-CFCA81A78FAF}.Release|Any CPU.Build.0 = Release|Any CPU
		{F1EC1E9D-5647-4C2E-9134-EADE0AF5E683}.Debug|Any CPU.ActiveCfg = Debug|Any CPU
		{F1EC1E9D-5647-4C2E-9134-EADE0AF5E683}.Debug|Any CPU.Build.0 = Debug|Any CPU
		{F1EC1E9D-5647-4C2E-9134-EADE0AF5E683}.Release|Any CPU.ActiveCfg = Release|Any CPU
		{F1EC1E9D-5647-4C2E-9134-EADE0AF5E683}.Release|Any CPU.Build.0 = Release|Any CPU
		{E8134244-2E7E-4605-A546-15A7BA49DF99}.Debug|Any CPU.ActiveCfg = Debug|Any CPU
		{E8134244-2E7E-4605-A546-15A7BA49DF99}.Debug|Any CPU.Build.0 = Debug|Any CPU
		{E8134244-2E7E-4605-A546-15A7BA49DF99}.Release|Any CPU.ActiveCfg = Release|Any CPU
		{E8134244-2E7E-4605-A546-15A7BA49DF99}.Release|Any CPU.Build.0 = Release|Any CPU
		{9B670716-D8F7-4A84-AD2E-E29EFF4BB82D}.Debug|Any CPU.ActiveCfg = Debug|Any CPU
		{9B670716-D8F7-4A84-AD2E-E29EFF4BB82D}.Debug|Any CPU.Build.0 = Debug|Any CPU
		{9B670716-D8F7-4A84-AD2E-E29EFF4BB82D}.Release|Any CPU.ActiveCfg = Release|Any CPU
		{9B670716-D8F7-4A84-AD2E-E29EFF4BB82D}.Release|Any CPU.Build.0 = Release|Any CPU
	EndGlobalSection
	GlobalSection(NestedProjects) = preSolution
		{1116D4FB-E6EA-479F-BE0B-671DCCBC3E2A} = {72C13B89-7349-4816-BFBD-8753DD2DE863}
		{793C3E75-935E-4943-9932-0038F40B6403} = {72C13B89-7349-4816-BFBD-8753DD2DE863}
		{EA990D67-CE17-43F6-9A60-1B885B613C7A} = {72C13B89-7349-4816-BFBD-8753DD2DE863}
		{597E3363-190B-4689-A582-CFCA81A78FAF} = {72C13B89-7349-4816-BFBD-8753DD2DE863}
		{F1EC1E9D-5647-4C2E-9134-EADE0AF5E683} = {B5129BFB-994E-4A31-AD58-001DAEE8BB61}
		{E8134244-2E7E-4605-A546-15A7BA49DF99} = {B5129BFB-994E-4A31-AD58-001DAEE8BB61}
		{9B670716-D8F7-4A84-AD2E-E29EFF4BB82D} = {DC20B841-ECFA-4735-BD67-F1CBA7BD75F1}
	EndGlobalSection
EndGlobal
